
Microsoft Visual Studio Solution File, Format Version 12.00
# Visual Studio Version 17
VisualStudioVersion = 17.5.33516.290
MinimumVisualStudioVersion = 10.0.40219.1
Project("{FAE04EC0-301F-11D3-BF4B-00C04F79EFBC}") = "SimpleCurrencyConverter.Android", "SimpleCurrencyConverter\SimpleCurrencyConverter.Android\SimpleCurrencyConverter.Android.csproj", "{2D4D64EC-7262-402C-B99E-692C67A6028F}"
EndProject
Project("{FAE04EC0-301F-11D3-BF4B-00C04F79EFBC}") = "SimpleCurrencyConverter", "SimpleCurrencyConverter\SimpleCurrencyConverter\SimpleCurrencyConverter.csproj", "{C9E884E2-22CD-4458-BF9E-0B2BD98626D9}"
EndProject
Global
	GlobalSection(SolutionConfigurationPlatforms) = preSolution
		Debug|Any CPU = Debug|Any CPU
		Release|Any CPU = Release|Any CPU
	EndGlobalSection
	GlobalSection(ProjectConfigurationPlatforms) = postSolution
		{2D4D64EC-7262-402C-B99E-692C67A6028F}.Debug|Any CPU.ActiveCfg = Debug|Any CPU
		{2D4D64EC-7262-402C-B99E-692C67A6028F}.Debug|Any CPU.Build.0 = Debug|Any CPU
		{2D4D64EC-7262-402C-B99E-692C67A6028F}.Debug|Any CPU.Deploy.0 = Debug|Any CPU
		{2D4D64EC-7262-402C-B99E-692C67A6028F}.Release|Any CPU.ActiveCfg = Release|Any CPU
		{2D4D64EC-7262-402C-B99E-692C67A6028F}.Release|Any CPU.Build.0 = Release|Any CPU
		{2D4D64EC-7262-402C-B99E-692C67A6028F}.Release|Any CPU.Deploy.0 = Release|Any CPU
		{C9E884E2-22CD-4458-BF9E-0B2BD98626D9}.Debug|Any CPU.ActiveCfg = Debug|Any CPU
		{C9E884E2-22CD-4458-BF9E-0B2BD98626D9}.Debug|Any CPU.Build.0 = Debug|Any CPU
		{C9E884E2-22CD-4458-BF9E-0B2BD98626D9}.Release|Any CPU.ActiveCfg = Release|Any CPU
		{C9E884E2-22CD-4458-BF9E-0B2BD98626D9}.Release|Any CPU.Build.0 = Release|Any CPU
	EndGlobalSection
	GlobalSection(SolutionProperties) = preSolution
		HideSolutionNode = FALSE
	EndGlobalSection
	GlobalSection(ExtensibilityGlobals) = postSolution
		SolutionGuid = {A6D669FD-5430-4856-95C3-7D9E4011465E}
	EndGlobalSection
EndGlobal
